
Microsoft Visual Studio Solution File, Format Version 12.00
# Visual Studio Version 17
VisualStudioVersion = 17.9.34723.18
MinimumVisualStudioVersion = 10.0.40219.1
Project("{FAE04EC0-301F-11D3-BF4B-00C04F79EFBC}") = "EBook", "EBook\EBook.csproj", "{F69A475F-A269-4A52-866A-CBA6AEDF340C}"
EndProject
Global
	GlobalSection(SolutionConfigurationPlatforms) = preSolution
		Debug|Any CPU = Debug|Any CPU
		Release|Any CPU = Release|Any CPU
	EndGlobalSection
	GlobalSection(ProjectConfigurationPlatforms) = postSolution
		{F69A475F-A269-4A52-866A-CBA6AEDF340C}.Debug|Any CPU.ActiveCfg = Debug|Any CPU
		{F69A475F-A269-4A52-866A-CBA6AEDF340C}.Debug|Any CPU.Build.0 = Debug|Any CPU
		{F69A475F-A269-4A52-866A-CBA6AEDF340C}.Release|Any CPU.ActiveCfg = Release|Any CPU
		{F69A475F-A269-4A52-866A-CBA6AEDF340C}.Release|Any CPU.Build.0 = Release|Any CPU
	EndGlobalSection
	GlobalSection(SolutionProperties) = preSolution
		HideSolutionNode = FALSE
	EndGlobalSection
	GlobalSection(ExtensibilityGlobals) = postSolution
		SolutionGuid = {4B64F42B-3420-4D8F-BAFF-ECC4716FD288}
	EndGlobalSection
EndGlobal
